
Microsoft Visual Studio Solution File, Format Version 12.00
# Visual Studio Version 17
VisualStudioVersion = 17.5.002.0
MinimumVisualStudioVersion = 10.0.40219.1
Project("{9A19103F-16F7-4668-BE54-9A1E7A4F7556}") = "C# Consumindo API", "C# Consumindo API\C# Consumindo API.csproj", "{5C561E93-B18B-4788-8896-D1BC0F6F1481}"
EndProject
Project("{2150E333-8FDC-42A3-9474-1A3956D46DE8}") = "02 - Tipos e funçoes no C#", "02 - Tipos e funçoes no C#", "{C63740BC-E367-4468-9901-CE5AE4283E68}"
EndProject
Project("{9A19103F-16F7-4668-BE54-9A1E7A4F7556}") = "ScreenSound", "02 - Tipos e funçoes no C#\ScreenSound\ScreenSound.csproj", "{96A54B52-6117-42EA-AD66-8E3E99B94826}"
EndProject
Project("{2150E333-8FDC-42A3-9474-1A3956D46DE8}") = "03 - Listas e loops no C#", "03 - Listas e loops no C#", "{BCE6AA2E-642D-4B8B-9E90-98A97E215449}"
EndProject
Project("{9A19103F-16F7-4668-BE54-9A1E7A4F7556}") = "DesafioAlura", "03 - Listas e loops no C#\DesafioAlura\DesafioAlura.csproj", "{5CEE98F0-B3A3-4825-A4F5-6D41D906B94C}"
EndProject
Project("{9A19103F-16F7-4668-BE54-9A1E7A4F7556}") = "ScreenSound", "03 - Listas e loops no C#\ScreenSound\ScreenSound.csproj", "{ED90188B-35E6-492A-BF31-BE730D02F1C1}"
EndProject
Project("{2150E333-8FDC-42A3-9474-1A3956D46DE8}") = "04 - Dicionários e avaliação de bandas", "04 - Dicionários e avaliação de bandas", "{C6FF73F1-1492-4CD0-9A7E-445BD5836B17}"
EndProject
Project("{9A19103F-16F7-4668-BE54-9A1E7A4F7556}") = "ScreenSound", "04 - Dicionários e avaliação de bandas\ScreenSound\ScreenSound.csproj", "{44AFE9B5-C560-4B49-A306-97B12AC8CF05}"
EndProject
Project("{2150E333-8FDC-42A3-9474-1A3956D46DE8}") = "C# - Aplicando a Orientação a Objetos", "C# - Aplicando a Orientação a Objetos", "{EED72AD5-0019-4AE1-AAD4-BF235BE148D9}"
EndProject
Project("{9A19103F-16F7-4668-BE54-9A1E7A4F7556}") = "Podcast", "C# - Aplicando a Orientação a Objetos\Podcast\Podcast.csproj", "{3B641C43-30FB-4F11-9270-81E5C922BDFD}"
EndProject
Project("{9A19103F-16F7-4668-BE54-9A1E7A4F7556}") = "ScreenSound", "C# - Aplicando a Orientação a Objetos\ScreenSound\ScreenSound.csproj", "{7DC3687B-25CE-4475-85C7-5912600776E6}"
EndProject
Project("{9A19103F-16F7-4668-BE54-9A1E7A4F7556}") = "Testes", "C# - Aplicando a Orientação a Objetos\Testes\Testes.csproj", "{814B43A6-9B57-4104-812F-5D0776C016B7}"
EndProject
Project("{2150E333-8FDC-42A3-9474-1A3956D46DE8}") = "C# Trabalhando com Arrays e Coleções", "C# Trabalhando com Arrays e Coleções", "{3A093970-7B68-43DD-8D8D-AACA66713B24}"
EndProject
Project("{9A19103F-16F7-4668-BE54-9A1E7A4F7556}") = "Arrays", "C# Trabalhando com Arrays e Coleções\Arrays\Arrays.csproj", "{129AAD96-AF78-4A9B-BF1F-8DE62A50CF4D}"
EndProject
Project("{9A19103F-16F7-4668-BE54-9A1E7A4F7556}") = "Desafio", "C# Trabalhando com Arrays e Coleções\Desafio\Desafio.csproj", "{AAA42F10-E2F0-4E2F-AC33-245A7AB789DC}"
EndProject
Project("{2150E333-8FDC-42A3-9474-1A3956D46DE8}") = "Desafio 02", "Desafio 02", "{FE293186-7721-4ADB-88AE-77F720B449C8}"
EndProject
Project("{9A19103F-16F7-4668-BE54-9A1E7A4F7556}") = "Desafio 2", "Desafio 02\Desafio 2\Desafio 2.csproj", "{D5BCC4A9-2723-47C3-810D-355669F9983A}"
EndProject
Project("{2150E333-8FDC-42A3-9474-1A3956D46DE8}") = "ScreenSound (1)", "ScreenSound", "{52FF42FC-9FFA-4B2F-A610-9E46902651F9}"
EndProject
Project("{9A19103F-16F7-4668-BE54-9A1E7A4F7556}") = "Podcast", "02 - Tipos e funçoes no C#\ScreenSound\Podcast\Podcast.csproj", "{F1D9ECA9-6EEB-4912-92A2-F0B1CC3EAE81}"
EndProject
Project("{2150E333-8FDC-42A3-9474-1A3956D46DE8}") = "Testes (1)", "Testes", "{EE3C66D7-8D47-4C49-BA73-21F17D6C351F}"
EndProject
Project("{9A19103F-16F7-4668-BE54-9A1E7A4F7556}") = "testes-xunit", "C# - Aplicando a Orientação a Objetos\Testes\testes-xunit\testes-xunit.csproj", "{7356DC87-F50E-499F-BE1E-EAC45A931082}"
EndProject
Global
	GlobalSection(SolutionConfigurationPlatforms) = preSolution
		Debug|Any CPU = Debug|Any CPU
		Release|Any CPU = Release|Any CPU
	EndGlobalSection
	GlobalSection(ProjectConfigurationPlatforms) = postSolution
		{5C561E93-B18B-4788-8896-D1BC0F6F1481}.Debug|Any CPU.ActiveCfg = Debug|Any CPU
		{5C561E93-B18B-4788-8896-D1BC0F6F1481}.Debug|Any CPU.Build.0 = Debug|Any CPU
		{5C561E93-B18B-4788-8896-D1BC0F6F1481}.Release|Any CPU.ActiveCfg = Release|Any CPU
		{5C561E93-B18B-4788-8896-D1BC0F6F1481}.Release|Any CPU.Build.0 = Release|Any CPU
		{96A54B52-6117-42EA-AD66-8E3E99B94826}.Debug|Any CPU.ActiveCfg = Debug|Any CPU
		{96A54B52-6117-42EA-AD66-8E3E99B94826}.Debug|Any CPU.Build.0 = Debug|Any CPU
		{96A54B52-6117-42EA-AD66-8E3E99B94826}.Release|Any CPU.ActiveCfg = Release|Any CPU
		{96A54B52-6117-42EA-AD66-8E3E99B94826}.Release|Any CPU.Build.0 = Release|Any CPU
		{5CEE98F0-B3A3-4825-A4F5-6D41D906B94C}.Debug|Any CPU.ActiveCfg = Debug|Any CPU
		{5CEE98F0-B3A3-4825-A4F5-6D41D906B94C}.Debug|Any CPU.Build.0 = Debug|Any CPU
		{5CEE98F0-B3A3-4825-A4F5-6D41D906B94C}.Release|Any CPU.ActiveCfg = Release|Any CPU
		{5CEE98F0-B3A3-4825-A4F5-6D41D906B94C}.Release|Any CPU.Build.0 = Release|Any CPU
		{ED90188B-35E6-492A-BF31-BE730D02F1C1}.Debug|Any CPU.ActiveCfg = Debug|Any CPU
		{ED90188B-35E6-492A-BF31-BE730D02F1C1}.Debug|Any CPU.Build.0 = Debug|Any CPU
		{ED90188B-35E6-492A-BF31-BE730D02F1C1}.Release|Any CPU.ActiveCfg = Release|Any CPU
		{ED90188B-35E6-492A-BF31-BE730D02F1C1}.Release|Any CPU.Build.0 = Release|Any CPU
		{44AFE9B5-C560-4B49-A306-97B12AC8CF05}.Debug|Any CPU.ActiveCfg = Debug|Any CPU
		{44AFE9B5-C560-4B49-A306-97B12AC8CF05}.Debug|Any CPU.Build.0 = Debug|Any CPU
		{44AFE9B5-C560-4B49-A306-97B12AC8CF05}.Release|Any CPU.ActiveCfg = Release|Any CPU
		{44AFE9B5-C560-4B49-A306-97B12AC8CF05}.Release|Any CPU.Build.0 = Release|Any CPU
		{3B641C43-30FB-4F11-9270-81E5C922BDFD}.Debug|Any CPU.ActiveCfg = Debug|Any CPU
		{3B641C43-30FB-4F11-9270-81E5C922BDFD}.Debug|Any CPU.Build.0 = Debug|Any CPU
		{3B641C43-30FB-4F11-9270-81E5C922BDFD}.Release|Any CPU.ActiveCfg = Release|Any CPU
		{3B641C43-30FB-4F11-9270-81E5C922BDFD}.Release|Any CPU.Build.0 = Release|Any CPU
		{7DC3687B-25CE-4475-85C7-5912600776E6}.Debug|Any CPU.ActiveCfg = Debug|Any CPU
		{7DC3687B-25CE-4475-85C7-5912600776E6}.Debug|Any CPU.Build.0 = Debug|Any CPU
		{7DC3687B-25CE-4475-85C7-5912600776E6}.Release|Any CPU.ActiveCfg = Release|Any CPU
		{7DC3687B-25CE-4475-85C7-5912600776E6}.Release|Any CPU.Build.0 = Release|Any CPU
		{814B43A6-9B57-4104-812F-5D0776C016B7}.Debug|Any CPU.ActiveCfg = Debug|Any CPU
		{814B43A6-9B57-4104-812F-5D0776C016B7}.Debug|Any CPU.Build.0 = Debug|Any CPU
		{814B43A6-9B57-4104-812F-5D0776C016B7}.Release|Any CPU.ActiveCfg = Release|Any CPU
		{814B43A6-9B57-4104-812F-5D0776C016B7}.Release|Any CPU.Build.0 = Release|Any CPU
		{129AAD96-AF78-4A9B-BF1F-8DE62A50CF4D}.Debug|Any CPU.ActiveCfg = Debug|Any CPU
		{129AAD96-AF78-4A9B-BF1F-8DE62A50CF4D}.Debug|Any CPU.Build.0 = Debug|Any CPU
		{129AAD96-AF78-4A9B-BF1F-8DE62A50CF4D}.Release|Any CPU.ActiveCfg = Release|Any CPU
		{129AAD96-AF78-4A9B-BF1F-8DE62A50CF4D}.Release|Any CPU.Build.0 = Release|Any CPU
		{AAA42F10-E2F0-4E2F-AC33-245A7AB789DC}.Debug|Any CPU.ActiveCfg = Debug|Any CPU
		{AAA42F10-E2F0-4E2F-AC33-245A7AB789DC}.Debug|Any CPU.Build.0 = Debug|Any CPU
		{AAA42F10-E2F0-4E2F-AC33-245A7AB789DC}.Release|Any CPU.ActiveCfg = Release|Any CPU
		{AAA42F10-E2F0-4E2F-AC33-245A7AB789DC}.Release|Any CPU.Build.0 = Release|Any CPU
		{D5BCC4A9-2723-47C3-810D-355669F9983A}.Debug|Any CPU.ActiveCfg = Debug|Any CPU
		{D5BCC4A9-2723-47C3-810D-355669F9983A}.Debug|Any CPU.Build.0 = Debug|Any CPU
		{D5BCC4A9-2723-47C3-810D-355669F9983A}.Release|Any CPU.ActiveCfg = Release|Any CPU
		{D5BCC4A9-2723-47C3-810D-355669F9983A}.Release|Any CPU.Build.0 = Release|Any CPU
		{F1D9ECA9-6EEB-4912-92A2-F0B1CC3EAE81}.Debug|Any CPU.ActiveCfg = Debug|Any CPU
		{F1D9ECA9-6EEB-4912-92A2-F0B1CC3EAE81}.Debug|Any CPU.Build.0 = Debug|Any CPU
		{F1D9ECA9-6EEB-4912-92A2-F0B1CC3EAE81}.Release|Any CPU.ActiveCfg = Release|Any CPU
		{F1D9ECA9-6EEB-4912-92A2-F0B1CC3EAE81}.Release|Any CPU.Build.0 = Release|Any CPU
		{7356DC87-F50E-499F-BE1E-EAC45A931082}.Debug|Any CPU.ActiveCfg = Debug|Any CPU
		{7356DC87-F50E-499F-BE1E-EAC45A931082}.Debug|Any CPU.Build.0 = Debug|Any CPU
		{7356DC87-F50E-499F-BE1E-EAC45A931082}.Release|Any CPU.ActiveCfg = Release|Any CPU
		{7356DC87-F50E-499F-BE1E-EAC45A931082}.Release|Any CPU.Build.0 = Release|Any CPU
	EndGlobalSection
	GlobalSection(SolutionProperties) = preSolution
		HideSolutionNode = FALSE
	EndGlobalSection
	GlobalSection(NestedProjects) = preSolution
		{96A54B52-6117-42EA-AD66-8E3E99B94826} = {C63740BC-E367-4468-9901-CE5AE4283E68}
		{5CEE98F0-B3A3-4825-A4F5-6D41D906B94C} = {BCE6AA2E-642D-4B8B-9E90-98A97E215449}
		{ED90188B-35E6-492A-BF31-BE730D02F1C1} = {BCE6AA2E-642D-4B8B-9E90-98A97E215449}
		{44AFE9B5-C560-4B49-A306-97B12AC8CF05} = {C6FF73F1-1492-4CD0-9A7E-445BD5836B17}
		{3B641C43-30FB-4F11-9270-81E5C922BDFD} = {EED72AD5-0019-4AE1-AAD4-BF235BE148D9}
		{7DC3687B-25CE-4475-85C7-5912600776E6} = {EED72AD5-0019-4AE1-AAD4-BF235BE148D9}
		{814B43A6-9B57-4104-812F-5D0776C016B7} = {EED72AD5-0019-4AE1-AAD4-BF235BE148D9}
		{129AAD96-AF78-4A9B-BF1F-8DE62A50CF4D} = {3A093970-7B68-43DD-8D8D-AACA66713B24}
		{AAA42F10-E2F0-4E2F-AC33-245A7AB789DC} = {3A093970-7B68-43DD-8D8D-AACA66713B24}
		{D5BCC4A9-2723-47C3-810D-355669F9983A} = {FE293186-7721-4ADB-88AE-77F720B449C8}
		{52FF42FC-9FFA-4B2F-A610-9E46902651F9} = {C63740BC-E367-4468-9901-CE5AE4283E68}
		{F1D9ECA9-6EEB-4912-92A2-F0B1CC3EAE81} = {52FF42FC-9FFA-4B2F-A610-9E46902651F9}
		{EE3C66D7-8D47-4C49-BA73-21F17D6C351F} = {EED72AD5-0019-4AE1-AAD4-BF235BE148D9}
		{7356DC87-F50E-499F-BE1E-EAC45A931082} = {EE3C66D7-8D47-4C49-BA73-21F17D6C351F}
	EndGlobalSection
	GlobalSection(ExtensibilityGlobals) = postSolution
		SolutionGuid = {52330DC9-A167-4076-86D5-098A9C34F93F}
	EndGlobalSection
EndGlobal
