
Microsoft Visual Studio Solution File, Format Version 12.00
# Visual Studio Version 17
VisualStudioVersion = 17.5.002.0
MinimumVisualStudioVersion = 10.0.40219.1
Project("{9A19103F-16F7-4668-BE54-9A1E7A4F7556}") = "C# Consumindo API", "C# Consumindo API\C# Consumindo API.csproj", "{E821D2AF-4FDE-4C0E-B9DB-815EFFE73982}"
EndProject
Project("{2150E333-8FDC-42A3-9474-1A3956D46DE8}") = "02 - Tipos e funçoes no C#", "02 - Tipos e funçoes no C#", "{86196842-F5D5-4E71-BE8E-1778170B5B33}"
EndProject
Project("{9A19103F-16F7-4668-BE54-9A1E7A4F7556}") = "ScreenSound", "02 - Tipos e funçoes no C#\ScreenSound\ScreenSound.csproj", "{3312E554-32F8-4845-8E4B-B08A090CF5F3}"
EndProject
Project("{2150E333-8FDC-42A3-9474-1A3956D46DE8}") = "03 - Listas e loops no C#", "03 - Listas e loops no C#", "{12965504-97DC-4DE4-A90D-7730D243559B}"
EndProject
Project("{9A19103F-16F7-4668-BE54-9A1E7A4F7556}") = "DesafioAlura", "03 - Listas e loops no C#\DesafioAlura\DesafioAlura.csproj", "{29324951-C1CA-48E5-9501-2FC7498DC526}"
EndProject
Project("{9A19103F-16F7-4668-BE54-9A1E7A4F7556}") = "ScreenSound", "03 - Listas e loops no C#\ScreenSound\ScreenSound.csproj", "{F15CABC3-772B-4DD2-9520-57847788B61B}"
EndProject
Project("{2150E333-8FDC-42A3-9474-1A3956D46DE8}") = "04 - Dicionários e avaliação de bandas", "04 - Dicionários e avaliação de bandas", "{8AD4DD4A-10B3-4FAD-8BA3-ED53BD62D751}"
EndProject
Project("{9A19103F-16F7-4668-BE54-9A1E7A4F7556}") = "ScreenSound", "04 - Dicionários e avaliação de bandas\ScreenSound\ScreenSound.csproj", "{A25D77AA-55E5-436B-9EC2-EAC19417E162}"
EndProject
Project("{2150E333-8FDC-42A3-9474-1A3956D46DE8}") = "C# - Aplicando a Orientação a Objetos", "C# - Aplicando a Orientação a Objetos", "{2007206E-E503-45C5-80EE-9DB8B2BCC787}"
EndProject
Project("{9A19103F-16F7-4668-BE54-9A1E7A4F7556}") = "Podcast", "C# - Aplicando a Orientação a Objetos\Podcast\Podcast.csproj", "{A9AB728E-F3B2-4AF4-B34D-F7245ED8602F}"
EndProject
Project("{9A19103F-16F7-4668-BE54-9A1E7A4F7556}") = "ScreenSound", "C# - Aplicando a Orientação a Objetos\ScreenSound\ScreenSound.csproj", "{D2F6D860-541B-417C-BFF0-732B21318608}"
EndProject
Project("{9A19103F-16F7-4668-BE54-9A1E7A4F7556}") = "Testes", "C# - Aplicando a Orientação a Objetos\Testes\Testes.csproj", "{291FA316-D232-4B4A-B8A2-391E5EEE2EA9}"
EndProject
Project("{2150E333-8FDC-42A3-9474-1A3956D46DE8}") = "C# Trabalhando com Arrays e Coleções", "C# Trabalhando com Arrays e Coleções", "{2A58EA44-6DC2-4761-964E-8247EFDD90BA}"
EndProject
Project("{9A19103F-16F7-4668-BE54-9A1E7A4F7556}") = "Arrays", "C# Trabalhando com Arrays e Coleções\Arrays\Arrays.csproj", "{52BAF0A3-FBD7-44B5-9180-B119B5AFAA87}"
EndProject
Project("{9A19103F-16F7-4668-BE54-9A1E7A4F7556}") = "Desafio", "C# Trabalhando com Arrays e Coleções\Desafio\Desafio.csproj", "{0F2C8F51-0ECE-48B2-843B-8B0549227102}"
EndProject
Project("{2150E333-8FDC-42A3-9474-1A3956D46DE8}") = "ScreenSound (1)", "ScreenSound", "{5BA825AB-A50E-4A56-8175-79778D1C59C7}"
EndProject
Project("{9A19103F-16F7-4668-BE54-9A1E7A4F7556}") = "Podcast", "02 - Tipos e funçoes no C#\ScreenSound\Podcast\Podcast.csproj", "{F3DEA564-6E3E-483B-BD12-2FF29258B434}"
EndProject
Project("{2150E333-8FDC-42A3-9474-1A3956D46DE8}") = "Testes (1)", "Testes", "{2E9EA5FC-E03C-4A4B-882B-4E8F836D2920}"
EndProject
Project("{9A19103F-16F7-4668-BE54-9A1E7A4F7556}") = "testes-xunit", "C# - Aplicando a Orientação a Objetos\Testes\testes-xunit\testes-xunit.csproj", "{5880EA47-8EB8-48C4-9699-0061F203AD68}"
EndProject
Project("{2150E333-8FDC-42A3-9474-1A3956D46DE8}") = "C# - SOLID", "C# - SOLID", "{ACDC44C9-5142-42B7-8492-093233123068}"
EndProject
Project("{2150E333-8FDC-42A3-9474-1A3956D46DE8}") = "Módulo 01", "Módulo 01", "{6A1C5FEB-0EF4-494F-A811-EEC7AE5DBBDA}"
EndProject
Project("{2150E333-8FDC-42A3-9474-1A3956D46DE8}") = "Projeto.Adopet.Solid", "Projeto.Adopet.Solid", "{780C50D7-D8E7-4551-A9A8-A8401264BE65}"
EndProject
Project("{2150E333-8FDC-42A3-9474-1A3956D46DE8}") = "src", "src", "{B5567B42-5F36-4C05-BA7F-610E4E1F9B46}"
EndProject
Project("{9A19103F-16F7-4668-BE54-9A1E7A4F7556}") = "Alura.Adopet.API", "C# - SOLID\Módulo 01\Projeto.Adopet.Solid\src\Alura.Adopet.API\Alura.Adopet.API.csproj", "{68AC2CE0-E6D8-47E9-BAA1-572966A57EF4}"
EndProject
Project("{9A19103F-16F7-4668-BE54-9A1E7A4F7556}") = "Alura.Adopet.Console", "C# - SOLID\Módulo 01\Projeto.Adopet.Solid\src\Alura.Adopet.Console\Alura.Adopet.Console.csproj", "{0458CAEA-1019-482B-B02A-CA30B4F13D8E}"
EndProject
Project("{2150E333-8FDC-42A3-9474-1A3956D46DE8}") = "tests", "tests", "{C59645E5-020E-48AD-8FA9-E631D634E267}"
EndProject
Project("{9A19103F-16F7-4668-BE54-9A1E7A4F7556}") = "Alura.Adopet.Testes", "C# - SOLID\Módulo 01\Projeto.Adopet.Solid\tests\Alura.Adopet.Testes\Alura.Adopet.Testes.csproj", "{0289B2D8-08C4-4B9C-826E-9B309EFD0B53}"
EndProject
Project("{9A19103F-16F7-4668-BE54-9A1E7A4F7556}") = "Alura.Adopet.TestesIntegracao", "C# - SOLID\Módulo 01\Projeto.Adopet.Solid\tests\Alura.Adopet.TestesIntegracao\Alura.Adopet.TestesIntegracao.csproj", "{23E6EB18-E0DB-4927-AC92-E20E10FFA620}"
EndProject
Global
	GlobalSection(SolutionConfigurationPlatforms) = preSolution
		Debug|Any CPU = Debug|Any CPU
		Release|Any CPU = Release|Any CPU
	EndGlobalSection
	GlobalSection(ProjectConfigurationPlatforms) = postSolution
		{E821D2AF-4FDE-4C0E-B9DB-815EFFE73982}.Debug|Any CPU.ActiveCfg = Debug|Any CPU
		{E821D2AF-4FDE-4C0E-B9DB-815EFFE73982}.Debug|Any CPU.Build.0 = Debug|Any CPU
		{E821D2AF-4FDE-4C0E-B9DB-815EFFE73982}.Release|Any CPU.ActiveCfg = Release|Any CPU
		{E821D2AF-4FDE-4C0E-B9DB-815EFFE73982}.Release|Any CPU.Build.0 = Release|Any CPU
		{3312E554-32F8-4845-8E4B-B08A090CF5F3}.Debug|Any CPU.ActiveCfg = Debug|Any CPU
		{3312E554-32F8-4845-8E4B-B08A090CF5F3}.Debug|Any CPU.Build.0 = Debug|Any CPU
		{3312E554-32F8-4845-8E4B-B08A090CF5F3}.Release|Any CPU.ActiveCfg = Release|Any CPU
		{3312E554-32F8-4845-8E4B-B08A090CF5F3}.Release|Any CPU.Build.0 = Release|Any CPU
		{29324951-C1CA-48E5-9501-2FC7498DC526}.Debug|Any CPU.ActiveCfg = Debug|Any CPU
		{29324951-C1CA-48E5-9501-2FC7498DC526}.Debug|Any CPU.Build.0 = Debug|Any CPU
		{29324951-C1CA-48E5-9501-2FC7498DC526}.Release|Any CPU.ActiveCfg = Release|Any CPU
		{29324951-C1CA-48E5-9501-2FC7498DC526}.Release|Any CPU.Build.0 = Release|Any CPU
		{F15CABC3-772B-4DD2-9520-57847788B61B}.Debug|Any CPU.ActiveCfg = Debug|Any CPU
		{F15CABC3-772B-4DD2-9520-57847788B61B}.Debug|Any CPU.Build.0 = Debug|Any CPU
		{F15CABC3-772B-4DD2-9520-57847788B61B}.Release|Any CPU.ActiveCfg = Release|Any CPU
		{F15CABC3-772B-4DD2-9520-57847788B61B}.Release|Any CPU.Build.0 = Release|Any CPU
		{A25D77AA-55E5-436B-9EC2-EAC19417E162}.Debug|Any CPU.ActiveCfg = Debug|Any CPU
		{A25D77AA-55E5-436B-9EC2-EAC19417E162}.Debug|Any CPU.Build.0 = Debug|Any CPU
		{A25D77AA-55E5-436B-9EC2-EAC19417E162}.Release|Any CPU.ActiveCfg = Release|Any CPU
		{A25D77AA-55E5-436B-9EC2-EAC19417E162}.Release|Any CPU.Build.0 = Release|Any CPU
		{A9AB728E-F3B2-4AF4-B34D-F7245ED8602F}.Debug|Any CPU.ActiveCfg = Debug|Any CPU
		{A9AB728E-F3B2-4AF4-B34D-F7245ED8602F}.Debug|Any CPU.Build.0 = Debug|Any CPU
		{A9AB728E-F3B2-4AF4-B34D-F7245ED8602F}.Release|Any CPU.ActiveCfg = Release|Any CPU
		{A9AB728E-F3B2-4AF4-B34D-F7245ED8602F}.Release|Any CPU.Build.0 = Release|Any CPU
		{D2F6D860-541B-417C-BFF0-732B21318608}.Debug|Any CPU.ActiveCfg = Debug|Any CPU
		{D2F6D860-541B-417C-BFF0-732B21318608}.Debug|Any CPU.Build.0 = Debug|Any CPU
		{D2F6D860-541B-417C-BFF0-732B21318608}.Release|Any CPU.ActiveCfg = Release|Any CPU
		{D2F6D860-541B-417C-BFF0-732B21318608}.Release|Any CPU.Build.0 = Release|Any CPU
		{291FA316-D232-4B4A-B8A2-391E5EEE2EA9}.Debug|Any CPU.ActiveCfg = Debug|Any CPU
		{291FA316-D232-4B4A-B8A2-391E5EEE2EA9}.Debug|Any CPU.Build.0 = Debug|Any CPU
		{291FA316-D232-4B4A-B8A2-391E5EEE2EA9}.Release|Any CPU.ActiveCfg = Release|Any CPU
		{291FA316-D232-4B4A-B8A2-391E5EEE2EA9}.Release|Any CPU.Build.0 = Release|Any CPU
		{52BAF0A3-FBD7-44B5-9180-B119B5AFAA87}.Debug|Any CPU.ActiveCfg = Debug|Any CPU
		{52BAF0A3-FBD7-44B5-9180-B119B5AFAA87}.Debug|Any CPU.Build.0 = Debug|Any CPU
		{52BAF0A3-FBD7-44B5-9180-B119B5AFAA87}.Release|Any CPU.ActiveCfg = Release|Any CPU
		{52BAF0A3-FBD7-44B5-9180-B119B5AFAA87}.Release|Any CPU.Build.0 = Release|Any CPU
		{0F2C8F51-0ECE-48B2-843B-8B0549227102}.Debug|Any CPU.ActiveCfg = Debug|Any CPU
		{0F2C8F51-0ECE-48B2-843B-8B0549227102}.Debug|Any CPU.Build.0 = Debug|Any CPU
		{0F2C8F51-0ECE-48B2-843B-8B0549227102}.Release|Any CPU.ActiveCfg = Release|Any CPU
		{0F2C8F51-0ECE-48B2-843B-8B0549227102}.Release|Any CPU.Build.0 = Release|Any CPU
		{F3DEA564-6E3E-483B-BD12-2FF29258B434}.Debug|Any CPU.ActiveCfg = Debug|Any CPU
		{F3DEA564-6E3E-483B-BD12-2FF29258B434}.Debug|Any CPU.Build.0 = Debug|Any CPU
		{F3DEA564-6E3E-483B-BD12-2FF29258B434}.Release|Any CPU.ActiveCfg = Release|Any CPU
		{F3DEA564-6E3E-483B-BD12-2FF29258B434}.Release|Any CPU.Build.0 = Release|Any CPU
		{5880EA47-8EB8-48C4-9699-0061F203AD68}.Debug|Any CPU.ActiveCfg = Debug|Any CPU
		{5880EA47-8EB8-48C4-9699-0061F203AD68}.Debug|Any CPU.Build.0 = Debug|Any CPU
		{5880EA47-8EB8-48C4-9699-0061F203AD68}.Release|Any CPU.ActiveCfg = Release|Any CPU
		{5880EA47-8EB8-48C4-9699-0061F203AD68}.Release|Any CPU.Build.0 = Release|Any CPU
		{68AC2CE0-E6D8-47E9-BAA1-572966A57EF4}.Debug|Any CPU.ActiveCfg = Debug|Any CPU
		{68AC2CE0-E6D8-47E9-BAA1-572966A57EF4}.Debug|Any CPU.Build.0 = Debug|Any CPU
		{68AC2CE0-E6D8-47E9-BAA1-572966A57EF4}.Release|Any CPU.ActiveCfg = Release|Any CPU
		{68AC2CE0-E6D8-47E9-BAA1-572966A57EF4}.Release|Any CPU.Build.0 = Release|Any CPU
		{0458CAEA-1019-482B-B02A-CA30B4F13D8E}.Debug|Any CPU.ActiveCfg = Debug|Any CPU
		{0458CAEA-1019-482B-B02A-CA30B4F13D8E}.Debug|Any CPU.Build.0 = Debug|Any CPU
		{0458CAEA-1019-482B-B02A-CA30B4F13D8E}.Release|Any CPU.ActiveCfg = Release|Any CPU
		{0458CAEA-1019-482B-B02A-CA30B4F13D8E}.Release|Any CPU.Build.0 = Release|Any CPU
		{0289B2D8-08C4-4B9C-826E-9B309EFD0B53}.Debug|Any CPU.ActiveCfg = Debug|Any CPU
		{0289B2D8-08C4-4B9C-826E-9B309EFD0B53}.Debug|Any CPU.Build.0 = Debug|Any CPU
		{0289B2D8-08C4-4B9C-826E-9B309EFD0B53}.Release|Any CPU.ActiveCfg = Release|Any CPU
		{0289B2D8-08C4-4B9C-826E-9B309EFD0B53}.Release|Any CPU.Build.0 = Release|Any CPU
		{23E6EB18-E0DB-4927-AC92-E20E10FFA620}.Debug|Any CPU.ActiveCfg = Debug|Any CPU
		{23E6EB18-E0DB-4927-AC92-E20E10FFA620}.Debug|Any CPU.Build.0 = Debug|Any CPU
		{23E6EB18-E0DB-4927-AC92-E20E10FFA620}.Release|Any CPU.ActiveCfg = Release|Any CPU
		{23E6EB18-E0DB-4927-AC92-E20E10FFA620}.Release|Any CPU.Build.0 = Release|Any CPU
	EndGlobalSection
	GlobalSection(SolutionProperties) = preSolution
		HideSolutionNode = FALSE
	EndGlobalSection
	GlobalSection(NestedProjects) = preSolution
		{3312E554-32F8-4845-8E4B-B08A090CF5F3} = {86196842-F5D5-4E71-BE8E-1778170B5B33}
		{29324951-C1CA-48E5-9501-2FC7498DC526} = {12965504-97DC-4DE4-A90D-7730D243559B}
		{F15CABC3-772B-4DD2-9520-57847788B61B} = {12965504-97DC-4DE4-A90D-7730D243559B}
		{A25D77AA-55E5-436B-9EC2-EAC19417E162} = {8AD4DD4A-10B3-4FAD-8BA3-ED53BD62D751}
		{A9AB728E-F3B2-4AF4-B34D-F7245ED8602F} = {2007206E-E503-45C5-80EE-9DB8B2BCC787}
		{D2F6D860-541B-417C-BFF0-732B21318608} = {2007206E-E503-45C5-80EE-9DB8B2BCC787}
		{291FA316-D232-4B4A-B8A2-391E5EEE2EA9} = {2007206E-E503-45C5-80EE-9DB8B2BCC787}
		{52BAF0A3-FBD7-44B5-9180-B119B5AFAA87} = {2A58EA44-6DC2-4761-964E-8247EFDD90BA}
		{0F2C8F51-0ECE-48B2-843B-8B0549227102} = {2A58EA44-6DC2-4761-964E-8247EFDD90BA}
		{5BA825AB-A50E-4A56-8175-79778D1C59C7} = {86196842-F5D5-4E71-BE8E-1778170B5B33}
		{F3DEA564-6E3E-483B-BD12-2FF29258B434} = {5BA825AB-A50E-4A56-8175-79778D1C59C7}
		{2E9EA5FC-E03C-4A4B-882B-4E8F836D2920} = {2007206E-E503-45C5-80EE-9DB8B2BCC787}
		{5880EA47-8EB8-48C4-9699-0061F203AD68} = {2E9EA5FC-E03C-4A4B-882B-4E8F836D2920}
		{6A1C5FEB-0EF4-494F-A811-EEC7AE5DBBDA} = {ACDC44C9-5142-42B7-8492-093233123068}
		{780C50D7-D8E7-4551-A9A8-A8401264BE65} = {6A1C5FEB-0EF4-494F-A811-EEC7AE5DBBDA}
		{B5567B42-5F36-4C05-BA7F-610E4E1F9B46} = {780C50D7-D8E7-4551-A9A8-A8401264BE65}
		{68AC2CE0-E6D8-47E9-BAA1-572966A57EF4} = {B5567B42-5F36-4C05-BA7F-610E4E1F9B46}
		{0458CAEA-1019-482B-B02A-CA30B4F13D8E} = {B5567B42-5F36-4C05-BA7F-610E4E1F9B46}
		{C59645E5-020E-48AD-8FA9-E631D634E267} = {780C50D7-D8E7-4551-A9A8-A8401264BE65}
		{0289B2D8-08C4-4B9C-826E-9B309EFD0B53} = {C59645E5-020E-48AD-8FA9-E631D634E267}
		{23E6EB18-E0DB-4927-AC92-E20E10FFA620} = {C59645E5-020E-48AD-8FA9-E631D634E267}
	EndGlobalSection
	GlobalSection(ExtensibilityGlobals) = postSolution
		SolutionGuid = {00503FD1-C569-43AC-9FE7-3EB229EFC6A2}
	EndGlobalSection
EndGlobal
