
Microsoft Visual Studio Solution File, Format Version 12.00
# Visual Studio Version 17
VisualStudioVersion = 17.5.002.0
MinimumVisualStudioVersion = 10.0.40219.1
Project("{9A19103F-16F7-4668-BE54-9A1E7A4F7556}") = "C# Consumindo API", "C# Consumindo API\C# Consumindo API.csproj", "{2D3D9999-2CB6-49EE-BD0C-DA90C09DA941}"
EndProject
Project("{2150E333-8FDC-42A3-9474-1A3956D46DE8}") = "02 - Tipos e funçoes no C#", "02 - Tipos e funçoes no C#", "{D3B6BBAA-F9C2-4877-914E-FF9798FF280C}"
EndProject
Project("{9A19103F-16F7-4668-BE54-9A1E7A4F7556}") = "ScreenSound", "02 - Tipos e funçoes no C#\ScreenSound\ScreenSound.csproj", "{374010CD-3975-4C4C-9F4E-D2E0C7E4ABCB}"
EndProject
Project("{2150E333-8FDC-42A3-9474-1A3956D46DE8}") = "03 - Listas e loops no C#", "03 - Listas e loops no C#", "{612CBDCF-753F-484B-8505-8B6606A56B4D}"
EndProject
Project("{9A19103F-16F7-4668-BE54-9A1E7A4F7556}") = "DesafioAlura", "03 - Listas e loops no C#\DesafioAlura\DesafioAlura.csproj", "{CD46279D-BFCE-4A3F-A427-8830668D676D}"
EndProject
Project("{9A19103F-16F7-4668-BE54-9A1E7A4F7556}") = "ScreenSound", "03 - Listas e loops no C#\ScreenSound\ScreenSound.csproj", "{F9687B01-D22F-4809-8AA8-D329C79C7644}"
EndProject
Project("{2150E333-8FDC-42A3-9474-1A3956D46DE8}") = "04 - Dicionários e avaliação de bandas", "04 - Dicionários e avaliação de bandas", "{B6B388F2-14BE-42DF-A8A5-DDFC7E71C17A}"
EndProject
Project("{9A19103F-16F7-4668-BE54-9A1E7A4F7556}") = "ScreenSound", "04 - Dicionários e avaliação de bandas\ScreenSound\ScreenSound.csproj", "{4370E49B-CE6E-479B-8E2F-DFCCE3EAB77F}"
EndProject
Project("{2150E333-8FDC-42A3-9474-1A3956D46DE8}") = "C# - Aplicando a Orientação a Objetos", "C# - Aplicando a Orientação a Objetos", "{890F4194-CE11-4363-9BB8-2472CE03295B}"
EndProject
Project("{9A19103F-16F7-4668-BE54-9A1E7A4F7556}") = "Podcast", "C# - Aplicando a Orientação a Objetos\Podcast\Podcast.csproj", "{C48865D7-2043-4B27-93FC-01BE3F7EA3A7}"
EndProject
Project("{9A19103F-16F7-4668-BE54-9A1E7A4F7556}") = "ScreenSound", "C# - Aplicando a Orientação a Objetos\ScreenSound\ScreenSound.csproj", "{31B35672-6441-428D-A132-0ACF696EB460}"
EndProject
Project("{9A19103F-16F7-4668-BE54-9A1E7A4F7556}") = "Testes", "C# - Aplicando a Orientação a Objetos\Testes\Testes.csproj", "{BC30977E-A50C-4D33-A41F-B95A26FC64C1}"
EndProject
Project("{2150E333-8FDC-42A3-9474-1A3956D46DE8}") = "C# Trabalhando com Arrays e Coleções", "C# Trabalhando com Arrays e Coleções", "{A1521281-33F2-45FE-9029-1409FD1AF1D6}"
EndProject
Project("{9A19103F-16F7-4668-BE54-9A1E7A4F7556}") = "Arrays", "C# Trabalhando com Arrays e Coleções\Arrays\Arrays.csproj", "{8E60CF8F-3559-4E69-B58C-4F302473C946}"
EndProject
Project("{9A19103F-16F7-4668-BE54-9A1E7A4F7556}") = "Desafio", "C# Trabalhando com Arrays e Coleções\Desafio\Desafio.csproj", "{FD51F624-725A-463C-8960-83E41F5B2A2C}"
EndProject
Project("{2150E333-8FDC-42A3-9474-1A3956D46DE8}") = "ScreenSound (1)", "ScreenSound", "{211E4242-E274-4705-9195-A26B72E054CC}"
EndProject
Project("{9A19103F-16F7-4668-BE54-9A1E7A4F7556}") = "Podcast", "02 - Tipos e funçoes no C#\ScreenSound\Podcast\Podcast.csproj", "{FCFBCF6F-2AAD-4B23-81A2-D2AEA2F8A1D0}"
EndProject
Project("{2150E333-8FDC-42A3-9474-1A3956D46DE8}") = "Testes (1)", "Testes", "{E22B96F0-63FC-4530-B0B9-862A9CDD205C}"
EndProject
Project("{9A19103F-16F7-4668-BE54-9A1E7A4F7556}") = "testes-xunit", "C# - Aplicando a Orientação a Objetos\Testes\testes-xunit\testes-xunit.csproj", "{2D46EEDD-7C25-4F26-9AF7-BD7896AB4D78}"
EndProject
Project("{2150E333-8FDC-42A3-9474-1A3956D46DE8}") = "C# - SOLID", "C# - SOLID", "{FB9ACEBE-031F-4542-9FBA-1EFEEC8E2E84}"
EndProject
Project("{2150E333-8FDC-42A3-9474-1A3956D46DE8}") = "Módulo 01", "Módulo 01", "{12336008-D794-453F-8A71-B5B57D935DEA}"
EndProject
Project("{2150E333-8FDC-42A3-9474-1A3956D46DE8}") = "Projeto.Adopet.Solid", "Projeto.Adopet.Solid", "{5F1786D5-4465-4F5C-A404-B5DA08E30730}"
EndProject
Project("{2150E333-8FDC-42A3-9474-1A3956D46DE8}") = "src", "src", "{04B9BD22-C3E1-45E6-BECB-7039A29CE968}"
EndProject
Project("{9A19103F-16F7-4668-BE54-9A1E7A4F7556}") = "Alura.Adopet.API", "C# - SOLID\Módulo 01\Projeto.Adopet.Solid\src\Alura.Adopet.API\Alura.Adopet.API.csproj", "{CE11221E-093E-47CC-9ED2-F21EEB524486}"
EndProject
Project("{9A19103F-16F7-4668-BE54-9A1E7A4F7556}") = "Alura.Adopet.Console", "C# - SOLID\Módulo 01\Projeto.Adopet.Solid\src\Alura.Adopet.Console\Alura.Adopet.Console.csproj", "{BE2F9CE0-E12E-46B0-982C-14A1A2FEFE58}"
EndProject
Project("{2150E333-8FDC-42A3-9474-1A3956D46DE8}") = "tests", "tests", "{D59460CE-8677-4361-8167-3AA9112EDAC0}"
EndProject
Project("{9A19103F-16F7-4668-BE54-9A1E7A4F7556}") = "Alura.Adopet.Testes", "C# - SOLID\Módulo 01\Projeto.Adopet.Solid\tests\Alura.Adopet.Testes\Alura.Adopet.Testes.csproj", "{A14628FF-A527-4476-8C32-12C0C8A88DB8}"
EndProject
Project("{9A19103F-16F7-4668-BE54-9A1E7A4F7556}") = "Alura.Adopet.TestesIntegracao", "C# - SOLID\Módulo 01\Projeto.Adopet.Solid\tests\Alura.Adopet.TestesIntegracao\Alura.Adopet.TestesIntegracao.csproj", "{413557EB-5642-44CC-A487-4261E404AF04}"
EndProject
Global
	GlobalSection(SolutionConfigurationPlatforms) = preSolution
		Debug|Any CPU = Debug|Any CPU
		Release|Any CPU = Release|Any CPU
	EndGlobalSection
	GlobalSection(ProjectConfigurationPlatforms) = postSolution
		{2D3D9999-2CB6-49EE-BD0C-DA90C09DA941}.Debug|Any CPU.ActiveCfg = Debug|Any CPU
		{2D3D9999-2CB6-49EE-BD0C-DA90C09DA941}.Debug|Any CPU.Build.0 = Debug|Any CPU
		{2D3D9999-2CB6-49EE-BD0C-DA90C09DA941}.Release|Any CPU.ActiveCfg = Release|Any CPU
		{2D3D9999-2CB6-49EE-BD0C-DA90C09DA941}.Release|Any CPU.Build.0 = Release|Any CPU
		{374010CD-3975-4C4C-9F4E-D2E0C7E4ABCB}.Debug|Any CPU.ActiveCfg = Debug|Any CPU
		{374010CD-3975-4C4C-9F4E-D2E0C7E4ABCB}.Debug|Any CPU.Build.0 = Debug|Any CPU
		{374010CD-3975-4C4C-9F4E-D2E0C7E4ABCB}.Release|Any CPU.ActiveCfg = Release|Any CPU
		{374010CD-3975-4C4C-9F4E-D2E0C7E4ABCB}.Release|Any CPU.Build.0 = Release|Any CPU
		{CD46279D-BFCE-4A3F-A427-8830668D676D}.Debug|Any CPU.ActiveCfg = Debug|Any CPU
		{CD46279D-BFCE-4A3F-A427-8830668D676D}.Debug|Any CPU.Build.0 = Debug|Any CPU
		{CD46279D-BFCE-4A3F-A427-8830668D676D}.Release|Any CPU.ActiveCfg = Release|Any CPU
		{CD46279D-BFCE-4A3F-A427-8830668D676D}.Release|Any CPU.Build.0 = Release|Any CPU
		{F9687B01-D22F-4809-8AA8-D329C79C7644}.Debug|Any CPU.ActiveCfg = Debug|Any CPU
		{F9687B01-D22F-4809-8AA8-D329C79C7644}.Debug|Any CPU.Build.0 = Debug|Any CPU
		{F9687B01-D22F-4809-8AA8-D329C79C7644}.Release|Any CPU.ActiveCfg = Release|Any CPU
		{F9687B01-D22F-4809-8AA8-D329C79C7644}.Release|Any CPU.Build.0 = Release|Any CPU
		{4370E49B-CE6E-479B-8E2F-DFCCE3EAB77F}.Debug|Any CPU.ActiveCfg = Debug|Any CPU
		{4370E49B-CE6E-479B-8E2F-DFCCE3EAB77F}.Debug|Any CPU.Build.0 = Debug|Any CPU
		{4370E49B-CE6E-479B-8E2F-DFCCE3EAB77F}.Release|Any CPU.ActiveCfg = Release|Any CPU
		{4370E49B-CE6E-479B-8E2F-DFCCE3EAB77F}.Release|Any CPU.Build.0 = Release|Any CPU
		{C48865D7-2043-4B27-93FC-01BE3F7EA3A7}.Debug|Any CPU.ActiveCfg = Debug|Any CPU
		{C48865D7-2043-4B27-93FC-01BE3F7EA3A7}.Debug|Any CPU.Build.0 = Debug|Any CPU
		{C48865D7-2043-4B27-93FC-01BE3F7EA3A7}.Release|Any CPU.ActiveCfg = Release|Any CPU
		{C48865D7-2043-4B27-93FC-01BE3F7EA3A7}.Release|Any CPU.Build.0 = Release|Any CPU
		{31B35672-6441-428D-A132-0ACF696EB460}.Debug|Any CPU.ActiveCfg = Debug|Any CPU
		{31B35672-6441-428D-A132-0ACF696EB460}.Debug|Any CPU.Build.0 = Debug|Any CPU
		{31B35672-6441-428D-A132-0ACF696EB460}.Release|Any CPU.ActiveCfg = Release|Any CPU
		{31B35672-6441-428D-A132-0ACF696EB460}.Release|Any CPU.Build.0 = Release|Any CPU
		{BC30977E-A50C-4D33-A41F-B95A26FC64C1}.Debug|Any CPU.ActiveCfg = Debug|Any CPU
		{BC30977E-A50C-4D33-A41F-B95A26FC64C1}.Debug|Any CPU.Build.0 = Debug|Any CPU
		{BC30977E-A50C-4D33-A41F-B95A26FC64C1}.Release|Any CPU.ActiveCfg = Release|Any CPU
		{BC30977E-A50C-4D33-A41F-B95A26FC64C1}.Release|Any CPU.Build.0 = Release|Any CPU
		{8E60CF8F-3559-4E69-B58C-4F302473C946}.Debug|Any CPU.ActiveCfg = Debug|Any CPU
		{8E60CF8F-3559-4E69-B58C-4F302473C946}.Debug|Any CPU.Build.0 = Debug|Any CPU
		{8E60CF8F-3559-4E69-B58C-4F302473C946}.Release|Any CPU.ActiveCfg = Release|Any CPU
		{8E60CF8F-3559-4E69-B58C-4F302473C946}.Release|Any CPU.Build.0 = Release|Any CPU
		{FD51F624-725A-463C-8960-83E41F5B2A2C}.Debug|Any CPU.ActiveCfg = Debug|Any CPU
		{FD51F624-725A-463C-8960-83E41F5B2A2C}.Debug|Any CPU.Build.0 = Debug|Any CPU
		{FD51F624-725A-463C-8960-83E41F5B2A2C}.Release|Any CPU.ActiveCfg = Release|Any CPU
		{FD51F624-725A-463C-8960-83E41F5B2A2C}.Release|Any CPU.Build.0 = Release|Any CPU
		{FCFBCF6F-2AAD-4B23-81A2-D2AEA2F8A1D0}.Debug|Any CPU.ActiveCfg = Debug|Any CPU
		{FCFBCF6F-2AAD-4B23-81A2-D2AEA2F8A1D0}.Debug|Any CPU.Build.0 = Debug|Any CPU
		{FCFBCF6F-2AAD-4B23-81A2-D2AEA2F8A1D0}.Release|Any CPU.ActiveCfg = Release|Any CPU
		{FCFBCF6F-2AAD-4B23-81A2-D2AEA2F8A1D0}.Release|Any CPU.Build.0 = Release|Any CPU
		{2D46EEDD-7C25-4F26-9AF7-BD7896AB4D78}.Debug|Any CPU.ActiveCfg = Debug|Any CPU
		{2D46EEDD-7C25-4F26-9AF7-BD7896AB4D78}.Debug|Any CPU.Build.0 = Debug|Any CPU
		{2D46EEDD-7C25-4F26-9AF7-BD7896AB4D78}.Release|Any CPU.ActiveCfg = Release|Any CPU
		{2D46EEDD-7C25-4F26-9AF7-BD7896AB4D78}.Release|Any CPU.Build.0 = Release|Any CPU
		{CE11221E-093E-47CC-9ED2-F21EEB524486}.Debug|Any CPU.ActiveCfg = Debug|Any CPU
		{CE11221E-093E-47CC-9ED2-F21EEB524486}.Debug|Any CPU.Build.0 = Debug|Any CPU
		{CE11221E-093E-47CC-9ED2-F21EEB524486}.Release|Any CPU.ActiveCfg = Release|Any CPU
		{CE11221E-093E-47CC-9ED2-F21EEB524486}.Release|Any CPU.Build.0 = Release|Any CPU
		{BE2F9CE0-E12E-46B0-982C-14A1A2FEFE58}.Debug|Any CPU.ActiveCfg = Debug|Any CPU
		{BE2F9CE0-E12E-46B0-982C-14A1A2FEFE58}.Debug|Any CPU.Build.0 = Debug|Any CPU
		{BE2F9CE0-E12E-46B0-982C-14A1A2FEFE58}.Release|Any CPU.ActiveCfg = Release|Any CPU
		{BE2F9CE0-E12E-46B0-982C-14A1A2FEFE58}.Release|Any CPU.Build.0 = Release|Any CPU
		{A14628FF-A527-4476-8C32-12C0C8A88DB8}.Debug|Any CPU.ActiveCfg = Debug|Any CPU
		{A14628FF-A527-4476-8C32-12C0C8A88DB8}.Debug|Any CPU.Build.0 = Debug|Any CPU
		{A14628FF-A527-4476-8C32-12C0C8A88DB8}.Release|Any CPU.ActiveCfg = Release|Any CPU
		{A14628FF-A527-4476-8C32-12C0C8A88DB8}.Release|Any CPU.Build.0 = Release|Any CPU
		{413557EB-5642-44CC-A487-4261E404AF04}.Debug|Any CPU.ActiveCfg = Debug|Any CPU
		{413557EB-5642-44CC-A487-4261E404AF04}.Debug|Any CPU.Build.0 = Debug|Any CPU
		{413557EB-5642-44CC-A487-4261E404AF04}.Release|Any CPU.ActiveCfg = Release|Any CPU
		{413557EB-5642-44CC-A487-4261E404AF04}.Release|Any CPU.Build.0 = Release|Any CPU
	EndGlobalSection
	GlobalSection(SolutionProperties) = preSolution
		HideSolutionNode = FALSE
	EndGlobalSection
	GlobalSection(NestedProjects) = preSolution
		{374010CD-3975-4C4C-9F4E-D2E0C7E4ABCB} = {D3B6BBAA-F9C2-4877-914E-FF9798FF280C}
		{CD46279D-BFCE-4A3F-A427-8830668D676D} = {612CBDCF-753F-484B-8505-8B6606A56B4D}
		{F9687B01-D22F-4809-8AA8-D329C79C7644} = {612CBDCF-753F-484B-8505-8B6606A56B4D}
		{4370E49B-CE6E-479B-8E2F-DFCCE3EAB77F} = {B6B388F2-14BE-42DF-A8A5-DDFC7E71C17A}
		{C48865D7-2043-4B27-93FC-01BE3F7EA3A7} = {890F4194-CE11-4363-9BB8-2472CE03295B}
		{31B35672-6441-428D-A132-0ACF696EB460} = {890F4194-CE11-4363-9BB8-2472CE03295B}
		{BC30977E-A50C-4D33-A41F-B95A26FC64C1} = {890F4194-CE11-4363-9BB8-2472CE03295B}
		{8E60CF8F-3559-4E69-B58C-4F302473C946} = {A1521281-33F2-45FE-9029-1409FD1AF1D6}
		{FD51F624-725A-463C-8960-83E41F5B2A2C} = {A1521281-33F2-45FE-9029-1409FD1AF1D6}
		{211E4242-E274-4705-9195-A26B72E054CC} = {D3B6BBAA-F9C2-4877-914E-FF9798FF280C}
		{FCFBCF6F-2AAD-4B23-81A2-D2AEA2F8A1D0} = {211E4242-E274-4705-9195-A26B72E054CC}
		{E22B96F0-63FC-4530-B0B9-862A9CDD205C} = {890F4194-CE11-4363-9BB8-2472CE03295B}
		{2D46EEDD-7C25-4F26-9AF7-BD7896AB4D78} = {E22B96F0-63FC-4530-B0B9-862A9CDD205C}
		{12336008-D794-453F-8A71-B5B57D935DEA} = {FB9ACEBE-031F-4542-9FBA-1EFEEC8E2E84}
		{5F1786D5-4465-4F5C-A404-B5DA08E30730} = {12336008-D794-453F-8A71-B5B57D935DEA}
		{04B9BD22-C3E1-45E6-BECB-7039A29CE968} = {5F1786D5-4465-4F5C-A404-B5DA08E30730}
		{CE11221E-093E-47CC-9ED2-F21EEB524486} = {04B9BD22-C3E1-45E6-BECB-7039A29CE968}
		{BE2F9CE0-E12E-46B0-982C-14A1A2FEFE58} = {04B9BD22-C3E1-45E6-BECB-7039A29CE968}
		{D59460CE-8677-4361-8167-3AA9112EDAC0} = {5F1786D5-4465-4F5C-A404-B5DA08E30730}
		{A14628FF-A527-4476-8C32-12C0C8A88DB8} = {D59460CE-8677-4361-8167-3AA9112EDAC0}
		{413557EB-5642-44CC-A487-4261E404AF04} = {D59460CE-8677-4361-8167-3AA9112EDAC0}
	EndGlobalSection
	GlobalSection(ExtensibilityGlobals) = postSolution
		SolutionGuid = {05A83100-9689-4B92-94A9-D12E50F8716C}
	EndGlobalSection
EndGlobal
